// !$*UTF8*$!
{
	archiveVersion = 1;
	classes = {
	};
	objectVersion = 46;
	objects = {

/* Begin PBXBuildFile section */
		472383AF1EDA876700B38698 /* AppDelegate.swift in Sources */ = {isa = PBXBuildFile; fileRef = 472383AE1EDA876700B38698 /* AppDelegate.swift */; };
		472383B11EDA876700B38698 /* ViewController.swift in Sources */ = {isa = PBXBuildFile; fileRef = 472383B01EDA876700B38698 /* ViewController.swift */; };
		472383B41EDA876700B38698 /* Main.storyboard in Resources */ = {isa = PBXBuildFile; fileRef = 472383B21EDA876700B38698 /* Main.storyboard */; };
		472383B71EDA876700B38698 /* DreamLister.xcdatamodeld in Sources */ = {isa = PBXBuildFile; fileRef = 472383B51EDA876700B38698 /* DreamLister.xcdatamodeld */; };
		472383B91EDA876700B38698 /* Assets.xcassets in Resources */ = {isa = PBXBuildFile; fileRef = 472383B81EDA876700B38698 /* Assets.xcassets */; };
		472383BC1EDA876700B38698 /* LaunchScreen.storyboard in Resources */ = {isa = PBXBuildFile; fileRef = 472383BA1EDA876700B38698 /* LaunchScreen.storyboard */; };
		472383C71EDA876800B38698 /* DreamListerTests.swift in Sources */ = {isa = PBXBuildFile; fileRef = 472383C61EDA876800B38698 /* DreamListerTests.swift */; };
		472383D21EDA876800B38698 /* DreamListerUITests.swift in Sources */ = {isa = PBXBuildFile; fileRef = 472383D11EDA876800B38698 /* DreamListerUITests.swift */; };
/* End PBXBuildFile section */

/* Begin PBXContainerItemProxy section */
		472383C31EDA876800B38698 /* PBXContainerItemProxy */ = {
			isa = PBXContainerItemProxy;
			containerPortal = 472383A31EDA876700B38698 /* Project object */;
			proxyType = 1;
			remoteGlobalIDString = 472383AA1EDA876700B38698;
			remoteInfo = DreamLister;
		};
		472383CE1EDA876800B38698 /* PBXContainerItemProxy */ = {
			isa = PBXContainerItemProxy;
			containerPortal = 472383A31EDA876700B38698 /* Project object */;
			proxyType = 1;
			remoteGlobalIDString = 472383AA1EDA876700B38698;
			remoteInfo = DreamLister;
		};
/* End PBXContainerItemProxy section */

/* Begin PBXFileReference section */
		472383AB1EDA876700B38698 /* DreamLister.app */ = {isa = PBXFileReference; explicitFileType = wrapper.application; includeInIndex = 0; path = DreamLister.app; sourceTree = BUILT_PRODUCTS_DIR; };
		472383AE1EDA876700B38698 /* AppDelegate.swift */ = {isa = PBXFileReference; lastKnownFileType = sourcecode.swift; path = AppDelegate.swift; sourceTree = "<group>"; };
		472383B01EDA876700B38698 /* ViewController.swift */ = {isa = PBXFileReference; lastKnownFileType = sourcecode.swift; path = ViewController.swift; sourceTree = "<group>"; };
		472383B31EDA876700B38698 /* Base */ = {isa = PBXFileReference; lastKnownFileType = file.storyboard; name = Base; path = Base.lproj/Main.storyboard; sourceTree = "<group>"; };
		472383B61EDA876700B38698 /* DreamLister.xcdatamodel */ = {isa = PBXFileReference; lastKnownFileType = wrapper.xcdatamodel; path = DreamLister.xcdatamodel; sourceTree = "<group>"; };
		472383B81EDA876700B38698 /* Assets.xcassets */ = {isa = PBXFileReference; lastKnownFileType = folder.assetcatalog; path = Assets.xcassets; sourceTree = "<group>"; };
		472383BB1EDA876700B38698 /* Base */ = {isa = PBXFileReference; lastKnownFileType = file.storyboard; name = Base; path = Base.lproj/LaunchScreen.storyboard; sourceTree = "<group>"; };
		472383BD1EDA876700B38698 /* Info.plist */ = {isa = PBXFileReference; lastKnownFileType = text.plist.xml; path = Info.plist; sourceTree = "<group>"; };
		472383C21EDA876800B38698 /* DreamListerTests.xctest */ = {isa = PBXFileReference; explicitFileType = wrapper.cfbundle; includeInIndex = 0; path = DreamListerTests.xctest; sourceTree = BUILT_PRODUCTS_DIR; };
		472383C61EDA876800B38698 /* DreamListerTests.swift */ = {isa = PBXFileReference; lastKnownFileType = sourcecode.swift; path = DreamListerTests.swift; sourceTree = "<group>"; };
		472383C81EDA876800B38698 /* Info.plist */ = {isa = PBXFileReference; lastKnownFileType = text.plist.xml; path = Info.plist; sourceTree = "<group>"; };
		472383CD1EDA876800B38698 /* DreamListerUITests.xctest */ = {isa = PBXFileReference; explicitFileType = wrapper.cfbundle; includeInIndex = 0; path = DreamListerUITests.xctest; sourceTree = BUILT_PRODUCTS_DIR; };
		472383D11EDA876800B38698 /* DreamListerUITests.swift */ = {isa = PBXFileReference; lastKnownFileType = sourcecode.swift; path = DreamListerUITests.swift; sourceTree = "<group>"; };
		472383D31EDA876800B38698 /* Info.plist */ = {isa = PBXFileReference; lastKnownFileType = text.plist.xml; path = Info.plist; sourceTree = "<group>"; };
/* End PBXFileReference section */

/* Begin PBXFrameworksBuildPhase section */
		472383A81EDA876700B38698 /* Frameworks */ = {
			isa = PBXFrameworksBuildPhase;
			buildActionMask = 2147483647;
			files = (
			);
			runOnlyForDeploymentPostprocessing = 0;
		};
		472383BF1EDA876800B38698 /* Frameworks */ = {
			isa = PBXFrameworksBuildPhase;
			buildActionMask = 2147483647;
			files = (
			);
			runOnlyForDeploymentPostprocessing = 0;
		};
		472383CA1EDA876800B38698 /* Frameworks */ = {
			isa = PBXFrameworksBuildPhase;
			buildActionMask = 2147483647;
			files = (
			);
			runOnlyForDeploymentPostprocessing = 0;
		};
/* End PBXFrameworksBuildPhase section */

/* Begin PBXGroup section */
		472383A21EDA876700B38698 = {
			isa = PBXGroup;
			children = (
				472383AD1EDA876700B38698 /* DreamLister */,
				472383C51EDA876800B38698 /* DreamListerTests */,
				472383D01EDA876800B38698 /* DreamListerUITests */,
				472383AC1EDA876700B38698 /* Products */,
			);
			sourceTree = "<group>";
		};
		472383AC1EDA876700B38698 /* Products */ = {
			isa = PBXGroup;
			children = (
				472383AB1EDA876700B38698 /* DreamLister.app */,
				472383C21EDA876800B38698 /* DreamListerTests.xctest */,
				472383CD1EDA876800B38698 /* DreamListerUITests.xctest */,
			);
			name = Products;
			sourceTree = "<group>";
		};
		472383AD1EDA876700B38698 /* DreamLister */ = {
			isa = PBXGroup;
			children = (
				472383AE1EDA876700B38698 /* AppDelegate.swift */,
				472383B01EDA876700B38698 /* ViewController.swift */,
				472383B21EDA876700B38698 /* Main.storyboard */,
				472383B81EDA876700B38698 /* Assets.xcassets */,
				472383BA1EDA876700B38698 /* LaunchScreen.storyboard */,
				472383BD1EDA876700B38698 /* Info.plist */,
				472383B51EDA876700B38698 /* DreamLister.xcdatamodeld */,
			);
			path = DreamLister;
			sourceTree = "<group>";
		};
		472383C51EDA876800B38698 /* DreamListerTests */ = {
			isa = PBXGroup;
			children = (
				472383C61EDA876800B38698 /* DreamListerTests.swift */,
				472383C81EDA876800B38698 /* Info.plist */,
			);
			path = DreamListerTests;
			sourceTree = "<group>";
		};
		472383D01EDA876800B38698 /* DreamListerUITests */ = {
			isa = PBXGroup;
			children = (
				472383D11EDA876800B38698 /* DreamListerUITests.swift */,
				472383D31EDA876800B38698 /* Info.plist */,
			);
			path = DreamListerUITests;
			sourceTree = "<group>";
		};
/* End PBXGroup section */

/* Begin PBXNativeTarget section */
		472383AA1EDA876700B38698 /* DreamLister */ = {
			isa = PBXNativeTarget;
			buildConfigurationList = 472383D61EDA876800B38698 /* Build configuration list for PBXNativeTarget "DreamLister" */;
			buildPhases = (
				472383A71EDA876700B38698 /* Sources */,
				472383A81EDA876700B38698 /* Frameworks */,
				472383A91EDA876700B38698 /* Resources */,
			);
			buildRules = (
			);
			dependencies = (
			);
			name = DreamLister;
			productName = DreamLister;
			productReference = 472383AB1EDA876700B38698 /* DreamLister.app */;
			productType = "com.apple.product-type.application";
		};
		472383C11EDA876800B38698 /* DreamListerTests */ = {
			isa = PBXNativeTarget;
			buildConfigurationList = 472383D91EDA876800B38698 /* Build configuration list for PBXNativeTarget "DreamListerTests" */;
			buildPhases = (
				472383BE1EDA876800B38698 /* Sources */,
				472383BF1EDA876800B38698 /* Frameworks */,
				472383C01EDA876800B38698 /* Resources */,
			);
			buildRules = (
			);
			dependencies = (
				472383C41EDA876800B38698 /* PBXTargetDependency */,
			);
			name = DreamListerTests;
			productName = DreamListerTests;
			productReference = 472383C21EDA876800B38698 /* DreamListerTests.xctest */;
			productType = "com.apple.product-type.bundle.unit-test";
		};
		472383CC1EDA876800B38698 /* DreamListerUITests */ = {
			isa = PBXNativeTarget;
			buildConfigurationList = 472383DC1EDA876800B38698 /* Build configuration list for PBXNativeTarget "DreamListerUITests" */;
			buildPhases = (
				472383C91EDA876800B38698 /* Sources */,
				472383CA1EDA876800B38698 /* Frameworks */,
				472383CB1EDA876800B38698 /* Resources */,
			);
			buildRules = (
			);
			dependencies = (
				472383CF1EDA876800B38698 /* PBXTargetDependency */,
			);
			name = DreamListerUITests;
			productName = DreamListerUITests;
			productReference = 472383CD1EDA876800B38698 /* DreamListerUITests.xctest */;
			productType = "com.apple.product-type.bundle.ui-testing";
		};
/* End PBXNativeTarget section */

/* Begin PBXProject section */
		472383A31EDA876700B38698 /* Project object */ = {
			isa = PBXProject;
			attributes = {
				LastSwiftUpdateCheck = 0830;
				LastUpgradeCheck = 0830;
				ORGANIZATIONNAME = "Diparth Patel";
				TargetAttributes = {
					472383AA1EDA876700B38698 = {
						CreatedOnToolsVersion = 8.3.2;
						DevelopmentTeam = 4V349GT37D;
						ProvisioningStyle = Automatic;
					};
					472383C11EDA876800B38698 = {
						CreatedOnToolsVersion = 8.3.2;
						DevelopmentTeam = 4V349GT37D;
						ProvisioningStyle = Automatic;
						TestTargetID = 472383AA1EDA876700B38698;
					};
					472383CC1EDA876800B38698 = {
						CreatedOnToolsVersion = 8.3.2;
						DevelopmentTeam = 4V349GT37D;
						ProvisioningStyle = Automatic;
						TestTargetID = 472383AA1EDA876700B38698;
					};
				};
			};
			buildConfigurationList = 472383A61EDA876700B38698 /* Build configuration list for PBXProject "DreamLister" */;
			compatibilityVersion = "Xcode 3.2";
			developmentRegion = English;
			hasScannedForEncodings = 0;
			knownRegions = (
				en,
				Base,
			);
			mainGroup = 472383A21EDA876700B38698;
			productRefGroup = 472383AC1EDA876700B38698 /* Products */;
			projectDirPath = "";
			projectRoot = "";
			targets = (
				472383AA1EDA876700B38698 /* DreamLister */,
				472383C11EDA876800B38698 /* DreamListerTests */,
				472383CC1EDA876800B38698 /* DreamListerUITests */,
			);
		};
/* End PBXProject section */

/* Begin PBXResourcesBuildPhase section */
		472383A91EDA876700B38698 /* Resources */ = {
			isa = PBXResourcesBuildPhase;
			buildActionMask = 2147483647;
			files = (
				472383BC1EDA876700B38698 /* LaunchScreen.storyboard in Resources */,
				472383B91EDA876700B38698 /* Assets.xcassets in Resources */,
				472383B41EDA876700B38698 /* Main.storyboard in Resources */,
			);
			runOnlyForDeploymentPostprocessing = 0;
		};
		472383C01EDA876800B38698 /* Resources */ = {
			isa = PBXResourcesBuildPhase;
			buildActionMask = 2147483647;
			files = (
			);
			runOnlyForDeploymentPostprocessing = 0;
		};
		472383CB1EDA876800B38698 /* Resources */ = {
			isa = PBXResourcesBuildPhase;
			buildActionMask = 2147483647;
			files = (
			);
			runOnlyForDeploymentPostprocessing = 0;
		};
/* End PBXResourcesBuildPhase section */

/* Begin PBXSourcesBuildPhase section */
		472383A71EDA876700B38698 /* Sources */ = {
			isa = PBXSourcesBuildPhase;
			buildActionMask = 2147483647;
			files = (
				472383B11EDA876700B38698 /* ViewController.swift in Sources */,
				472383AF1EDA876700B38698 /* AppDelegate.swift in Sources */,
				472383B71EDA876700B38698 /* DreamLister.xcdatamodeld in Sources */,
			);
			runOnlyForDeploymentPostprocessing = 0;
		};
		472383BE1EDA876800B38698 /* Sources */ = {
			isa = PBXSourcesBuildPhase;
			buildActionMask = 2147483647;
			files = (
				472383C71EDA876800B38698 /* DreamListerTests.swift in Sources */,
			);
			runOnlyForDeploymentPostprocessing = 0;
		};
		472383C91EDA876800B38698 /* Sources */ = {
			isa = PBXSourcesBuildPhase;
			buildActionMask = 2147483647;
			files = (
				472383D21EDA876800B38698 /* DreamListerUITests.swift in Sources */,
			);
			runOnlyForDeploymentPostprocessing = 0;
		};
/* End PBXSourcesBuildPhase section */

/* Begin PBXTargetDependency section */
		472383C41EDA876800B38698 /* PBXTargetDependency */ = {
			isa = PBXTargetDependency;
			target = 472383AA1EDA876700B38698 /* DreamLister */;
			targetProxy = 472383C31EDA876800B38698 /* PBXContainerItemProxy */;
		};
		472383CF1EDA876800B38698 /* PBXTargetDependency */ = {
			isa = PBXTargetDependency;
			target = 472383AA1EDA876700B38698 /* DreamLister */;
			targetProxy = 472383CE1EDA876800B38698 /* PBXContainerItemProxy */;
		};
/* End PBXTargetDependency section */

/* Begin PBXVariantGroup section */
		472383B21EDA876700B38698 /* Main.storyboard */ = {
			isa = PBXVariantGroup;
			children = (
				472383B31EDA876700B38698 /* Base */,
			);
			name = Main.storyboard;
			sourceTree = "<group>";
		};
		472383BA1EDA876700B38698 /* LaunchScreen.storyboard */ = {
			isa = PBXVariantGroup;
			children = (
				472383BB1EDA876700B38698 /* Base */,
			);
			name = LaunchScreen.storyboard;
			sourceTree = "<group>";
		};
/* End PBXVariantGroup section */

/* Begin XCBuildConfiguration section */
		472383D41EDA876800B38698 /* Debug */ = {
			isa = XCBuildConfiguration;
			buildSettings = {
				ALWAYS_SEARCH_USER_PATHS = NO;
				CLANG_ANALYZER_NONNULL = YES;
				CLANG_ANALYZER_NUMBER_OBJECT_CONVERSION = YES_AGGRESSIVE;
				CLANG_CXX_LANGUAGE_STANDARD = "gnu++0x";
				CLANG_CXX_LIBRARY = "libc++";
				CLANG_ENABLE_MODULES = YES;
				CLANG_ENABLE_OBJC_ARC = YES;
				CLANG_WARN_BOOL_CONVERSION = YES;
				CLANG_WARN_CONSTANT_CONVERSION = YES;
				CLANG_WARN_DIRECT_OBJC_ISA_USAGE = YES_ERROR;
				CLANG_WARN_DOCUMENTATION_COMMENTS = YES;
				CLANG_WARN_EMPTY_BODY = YES;
				CLANG_WARN_ENUM_CONVERSION = YES;
				CLANG_WARN_INFINITE_RECURSION = YES;
				CLANG_WARN_INT_CONVERSION = YES;
				CLANG_WARN_OBJC_ROOT_CLASS = YES_ERROR;
				CLANG_WARN_SUSPICIOUS_MOVE = YES;
				CLANG_WARN_UNREACHABLE_CODE = YES;
				CLANG_WARN__DUPLICATE_METHOD_MATCH = YES;
				"CODE_SIGN_IDENTITY[sdk=iphoneos*]" = "iPhone Developer";
				COPY_PHASE_STRIP = NO;
				DEBUG_INFORMATION_FORMAT = dwarf;
				ENABLE_STRICT_OBJC_MSGSEND = YES;
				ENABLE_TESTABILITY = YES;
				GCC_C_LANGUAGE_STANDARD = gnu99;
				GCC_DYNAMIC_NO_PIC = NO;
				GCC_NO_COMMON_BLOCKS = YES;
				GCC_OPTIMIZATION_LEVEL = 0;
				GCC_PREPROCESSOR_DEFINITIONS = (
					"DEBUG=1",
					"$(inherited)",
				);
				GCC_WARN_64_TO_32_BIT_CONVERSION = YES;
				GCC_WARN_ABOUT_RETURN_TYPE = YES_ERROR;
				GCC_WARN_UNDECLARED_SELECTOR = YES;
				GCC_WARN_UNINITIALIZED_AUTOS = YES_AGGRESSIVE;
				GCC_WARN_UNUSED_FUNCTION = YES;
				GCC_WARN_UNUSED_VARIABLE = YES;
				IPHONEOS_DEPLOYMENT_TARGET = 10.3;
				MTL_ENABLE_DEBUG_INFO = YES;
				ONLY_ACTIVE_ARCH = YES;
				SDKROOT = iphoneos;
				SWIFT_ACTIVE_COMPILATION_CONDITIONS = DEBUG;
				SWIFT_OPTIMIZATION_LEVEL = "-Onone";
			};
			name = Debug;
		};
		472383D51EDA876800B38698 /* Release */ = {
			isa = XCBuildConfiguration;
			buildSettings = {
				ALWAYS_SEARCH_USER_PATHS = NO;
				CLANG_ANALYZER_NONNULL = YES;
				CLANG_ANALYZER_NUMBER_OBJECT_CONVERSION = YES_AGGRESSIVE;
				CLANG_CXX_LANGUAGE_STANDARD = "gnu++0x";
				CLANG_CXX_LIBRARY = "libc++";
				CLANG_ENABLE_MODULES = YES;
				CLANG_ENABLE_OBJC_ARC = YES;
				CLANG_WARN_BOOL_CONVERSION = YES;
				CLANG_WARN_CONSTANT_CONVERSION = YES;
				CLANG_WARN_DIRECT_OBJC_ISA_USAGE = YES_ERROR;
				CLANG_WARN_DOCUMENTATION_COMMENTS = YES;
				CLANG_WARN_EMPTY_BODY = YES;
				CLANG_WARN_ENUM_CONVERSION = YES;
				CLANG_WARN_INFINITE_RECURSION = YES;
				CLANG_WARN_INT_CONVERSION = YES;
				CLANG_WARN_OBJC_ROOT_CLASS = YES_ERROR;
				CLANG_WARN_SUSPICIOUS_MOVE = YES;
				CLANG_WARN_UNREACHABLE_CODE = YES;
				CLANG_WARN__DUPLICATE_METHOD_MATCH = YES;
				"CODE_SIGN_IDENTITY[sdk=iphoneos*]" = "iPhone Developer";
				COPY_PHASE_STRIP = NO;
				DEBUG_INFORMATION_FORMAT = "dwarf-with-dsym";
				ENABLE_NS_ASSERTIONS = NO;
				ENABLE_STRICT_OBJC_MSGSEND = YES;
				GCC_C_LANGUAGE_STANDARD = gnu99;
				GCC_NO_COMMON_BLOCKS = YES;
				GCC_WARN_64_TO_32_BIT_CONVERSION = YES;
				GCC_WARN_ABOUT_RETURN_TYPE = YES_ERROR;
				GCC_WARN_UNDECLARED_SELECTOR = YES;
				GCC_WARN_UNINITIALIZED_AUTOS = YES_AGGRESSIVE;
				GCC_WARN_UNUSED_FUNCTION = YES;
				GCC_WARN_UNUSED_VARIABLE = YES;
				IPHONEOS_DEPLOYMENT_TARGET = 10.3;
				MTL_ENABLE_DEBUG_INFO = NO;
				SDKROOT = iphoneos;
				SWIFT_OPTIMIZATION_LEVEL = "-Owholemodule";
				VALIDATE_PRODUCT = YES;
			};
			name = Release;
		};
		472383D71EDA876800B38698 /* Debug */ = {
			isa = XCBuildConfiguration;
			buildSettings = {
				ASSETCATALOG_COMPILER_APPICON_NAME = AppIcon;
				DEVELOPMENT_TEAM = 4V349GT37D;
				INFOPLIST_FILE = DreamLister/Info.plist;
				LD_RUNPATH_SEARCH_PATHS = "$(inherited) @executable_path/Frameworks";
				PRODUCT_BUNDLE_IDENTIFIER = com.dpate168.DreamLister;
				PRODUCT_NAME = "$(TARGET_NAME)";
				SWIFT_VERSION = 3.0;
			};
			name = Debug;
		};
		472383D81EDA876800B38698 /* Release */ = {
			isa = XCBuildConfiguration;
			buildSettings = {
				ASSETCATALOG_COMPILER_APPICON_NAME = AppIcon;
				DEVELOPMENT_TEAM = 4V349GT37D;
				INFOPLIST_FILE = DreamLister/Info.plist;
				LD_RUNPATH_SEARCH_PATHS = "$(inherited) @executable_path/Frameworks";
				PRODUCT_BUNDLE_IDENTIFIER = com.dpate168.DreamLister;
				PRODUCT_NAME = "$(TARGET_NAME)";
				SWIFT_VERSION = 3.0;
			};
			name = Release;
		};
		472383DA1EDA876800B38698 /* Debug */ = {
			isa = XCBuildConfiguration;
			buildSettings = {
				ALWAYS_EMBED_SWIFT_STANDARD_LIBRARIES = YES;
				BUNDLE_LOADER = "$(TEST_HOST)";
				DEVELOPMENT_TEAM = 4V349GT37D;
				INFOPLIST_FILE = DreamListerTests/Info.plist;
				LD_RUNPATH_SEARCH_PATHS = "$(inherited) @executable_path/Frameworks @loader_path/Frameworks";
				PRODUCT_BUNDLE_IDENTIFIER = com.dpate168.DreamListerTests;
				PRODUCT_NAME = "$(TARGET_NAME)";
				SWIFT_VERSION = 3.0;
				TEST_HOST = "$(BUILT_PRODUCTS_DIR)/DreamLister.app/DreamLister";
			};
			name = Debug;
		};
		472383DB1EDA876800B38698 /* Release */ = {
			isa = XCBuildConfiguration;
			buildSettings = {
				ALWAYS_EMBED_SWIFT_STANDARD_LIBRARIES = YES;
				BUNDLE_LOADER = "$(TEST_HOST)";
				DEVELOPMENT_TEAM = 4V349GT37D;
				INFOPLIST_FILE = DreamListerTests/Info.plist;
				LD_RUNPATH_SEARCH_PATHS = "$(inherited) @executable_path/Frameworks @loader_path/Frameworks";
				PRODUCT_BUNDLE_IDENTIFIER = com.dpate168.DreamListerTests;
				PRODUCT_NAME = "$(TARGET_NAME)";
				SWIFT_VERSION = 3.0;
				TEST_HOST = "$(BUILT_PRODUCTS_DIR)/DreamLister.app/DreamLister";
			};
			name = Release;
		};
		472383DD1EDA876800B38698 /* Debug */ = {
			isa = XCBuildConfiguration;
			buildSettings = {
				ALWAYS_EMBED_SWIFT_STANDARD_LIBRARIES = YES;
				DEVELOPMENT_TEAM = 4V349GT37D;
				INFOPLIST_FILE = DreamListerUITests/Info.plist;
				LD_RUNPATH_SEARCH_PATHS = "$(inherited) @executable_path/Frameworks @loader_path/Frameworks";
				PRODUCT_BUNDLE_IDENTIFIER = com.dpate168.DreamListerUITests;
				PRODUCT_NAME = "$(TARGET_NAME)";
				SWIFT_VERSION = 3.0;
				TEST_TARGET_NAME = DreamLister;
			};
			name = Debug;
		};
		472383DE1EDA876800B38698 /* Release */ = {
			isa = XCBuildConfiguration;
			buildSettings = {
				ALWAYS_EMBED_SWIFT_STANDARD_LIBRARIES = YES;
				DEVELOPMENT_TEAM = 4V349GT37D;
				INFOPLIST_FILE = DreamListerUITests/Info.plist;
				LD_RUNPATH_SEARCH_PATHS = "$(inherited) @executable_path/Frameworks @loader_path/Frameworks";
				PRODUCT_BUNDLE_IDENTIFIER = com.dpate168.DreamListerUITests;
				PRODUCT_NAME = "$(TARGET_NAME)";
				SWIFT_VERSION = 3.0;
				TEST_TARGET_NAME = DreamLister;
			};
			name = Release;
		};
/* End XCBuildConfiguration section */

/* Begin XCConfigurationList section */
		472383A61EDA876700B38698 /* Build configuration list for PBXProject "DreamLister" */ = {
			isa = XCConfigurationList;
			buildConfigurations = (
				472383D41EDA876800B38698 /* Debug */,
				472383D51EDA876800B38698 /* Release */,
			);
			defaultConfigurationIsVisible = 0;
			defaultConfigurationName = Release;
		};
		472383D61EDA876800B38698 /* Build configuration list for PBXNativeTarget "DreamLister" */ = {
			isa = XCConfigurationList;
			buildConfigurations = (
				472383D71EDA876800B38698 /* Debug */,
				472383D81EDA876800B38698 /* Release */,
			);
			defaultConfigurationIsVisible = 0;
		};
		472383D91EDA876800B38698 /* Build configuration list for PBXNativeTarget "DreamListerTests" */ = {
			isa = XCConfigurationList;
			buildConfigurations = (
				472383DA1EDA876800B38698 /* Debug */,
				472383DB1EDA876800B38698 /* Release */,
			);
			defaultConfigurationIsVisible = 0;
		};
		472383DC1EDA876800B38698 /* Build configuration list for PBXNativeTarget "DreamListerUITests" */ = {
			isa = XCConfigurationList;
			buildConfigurations = (
				472383DD1EDA876800B38698 /* Debug */,
				472383DE1EDA876800B38698 /* Release */,
			);
			defaultConfigurationIsVisible = 0;
		};
/* End XCConfigurationList section */

/* Begin XCVersionGroup section */
		472383B51EDA876700B38698 /* DreamLister.xcdatamodeld */ = {
			isa = XCVersionGroup;
			children = (
				472383B61EDA876700B38698 /* DreamLister.xcdatamodel */,
			);
			currentVersion = 472383B61EDA876700B38698 /* DreamLister.xcdatamodel */;
			path = DreamLister.xcdatamodeld;
			sourceTree = "<group>";
			versionGroupType = wrapper.xcdatamodel;
		};
/* End XCVersionGroup section */
	};
	rootObject = 472383A31EDA876700B38698 /* Project object */;
}
