// !$*UTF8*$!
{
	archiveVersion = 1;
	classes = {
	};
	objectVersion = 46;
	objects = {

/* Begin PBXBuildFile section */
		472383AF1EDA876700B38698 /* AppDelegate.swift in Sources */ = {isa = PBXBuildFile; fileRef = 472383AE1EDA876700B38698 /* AppDelegate.swift */; };
		472383B11EDA876700B38698 /* MainVC.swift in Sources */ = {isa = PBXBuildFile; fileRef = 472383B01EDA876700B38698 /* MainVC.swift */; };
		472383B41EDA876700B38698 /* Main.storyboard in Resources */ = {isa = PBXBuildFile; fileRef = 472383B21EDA876700B38698 /* Main.storyboard */; };
		472383B71EDA876700B38698 /* DreamLister.xcdatamodeld in Sources */ = {isa = PBXBuildFile; fileRef = 472383B51EDA876700B38698 /* DreamLister.xcdatamodeld */; };
		472383B91EDA876700B38698 /* Assets.xcassets in Resources */ = {isa = PBXBuildFile; fileRef = 472383B81EDA876700B38698 /* Assets.xcassets */; };
		472383BC1EDA876700B38698 /* LaunchScreen.storyboard in Resources */ = {isa = PBXBuildFile; fileRef = 472383BA1EDA876700B38698 /* LaunchScreen.storyboard */; };
		472383C71EDA876800B38698 /* DreamListerTests.swift in Sources */ = {isa = PBXBuildFile; fileRef = 472383C61EDA876800B38698 /* DreamListerTests.swift */; };
		472383D21EDA876800B38698 /* DreamListerUITests.swift in Sources */ = {isa = PBXBuildFile; fileRef = 472383D11EDA876800B38698 /* DreamListerUITests.swift */; };
		472383F91EDD09F300B38698 /* ItemType+CoreDataClass.swift in Sources */ = {isa = PBXBuildFile; fileRef = 472383F11EDD09F300B38698 /* ItemType+CoreDataClass.swift */; };
		472383FA1EDD09F300B38698 /* ItemType+CoreDataProperties.swift in Sources */ = {isa = PBXBuildFile; fileRef = 472383F21EDD09F300B38698 /* ItemType+CoreDataProperties.swift */; };
		472383FB1EDD09F300B38698 /* Image+CoreDataClass.swift in Sources */ = {isa = PBXBuildFile; fileRef = 472383F31EDD09F300B38698 /* Image+CoreDataClass.swift */; };
		472383FC1EDD09F300B38698 /* Image+CoreDataProperties.swift in Sources */ = {isa = PBXBuildFile; fileRef = 472383F41EDD09F300B38698 /* Image+CoreDataProperties.swift */; };
		472383FD1EDD09F300B38698 /* Item+CoreDataClass.swift in Sources */ = {isa = PBXBuildFile; fileRef = 472383F51EDD09F300B38698 /* Item+CoreDataClass.swift */; };
		472383FE1EDD09F300B38698 /* Item+CoreDataProperties.swift in Sources */ = {isa = PBXBuildFile; fileRef = 472383F61EDD09F300B38698 /* Item+CoreDataProperties.swift */; };
		472383FF1EDD09F300B38698 /* Store+CoreDataClass.swift in Sources */ = {isa = PBXBuildFile; fileRef = 472383F71EDD09F300B38698 /* Store+CoreDataClass.swift */; };
		472384001EDD09F300B38698 /* Store+CoreDataProperties.swift in Sources */ = {isa = PBXBuildFile; fileRef = 472383F81EDD09F300B38698 /* Store+CoreDataProperties.swift */; };
		472384031EDDFC6800B38698 /* MaterialView.swift in Sources */ = {isa = PBXBuildFile; fileRef = 472384021EDDFC6800B38698 /* MaterialView.swift */; };
		472384051EDE038C00B38698 /* ItemCell.swift in Sources */ = {isa = PBXBuildFile; fileRef = 472384041EDE038C00B38698 /* ItemCell.swift */; };
		4723840B1EDF950B00B38698 /* ItemDetailsVC.swift in Sources */ = {isa = PBXBuildFile; fileRef = 4723840A1EDF950B00B38698 /* ItemDetailsVC.swift */; };
		47241BD61EE66D6400FBD711 /* IQNSArray+Sort.swift in Sources */ = {isa = PBXBuildFile; fileRef = 47241BC01EE66D6300FBD711 /* IQNSArray+Sort.swift */; };
		47241BD71EE66D6400FBD711 /* IQUIScrollView+Additions.swift in Sources */ = {isa = PBXBuildFile; fileRef = 47241BC11EE66D6300FBD711 /* IQUIScrollView+Additions.swift */; };
		47241BD81EE66D6400FBD711 /* IQUITextFieldView+Additions.swift in Sources */ = {isa = PBXBuildFile; fileRef = 47241BC21EE66D6300FBD711 /* IQUITextFieldView+Additions.swift */; };
		47241BD91EE66D6400FBD711 /* IQUIView+Hierarchy.swift in Sources */ = {isa = PBXBuildFile; fileRef = 47241BC31EE66D6300FBD711 /* IQUIView+Hierarchy.swift */; };
		47241BDA1EE66D6400FBD711 /* IQUIViewController+Additions.swift in Sources */ = {isa = PBXBuildFile; fileRef = 47241BC41EE66D6300FBD711 /* IQUIViewController+Additions.swift */; };
		47241BDB1EE66D6400FBD711 /* IQUIWindow+Hierarchy.swift in Sources */ = {isa = PBXBuildFile; fileRef = 47241BC51EE66D6300FBD711 /* IQUIWindow+Hierarchy.swift */; };
		47241BDC1EE66D6400FBD711 /* IQKeyboardManagerConstants.swift in Sources */ = {isa = PBXBuildFile; fileRef = 47241BC71EE66D6300FBD711 /* IQKeyboardManagerConstants.swift */; };
		47241BDD1EE66D6400FBD711 /* IQKeyboardManagerConstantsInternal.swift in Sources */ = {isa = PBXBuildFile; fileRef = 47241BC81EE66D6300FBD711 /* IQKeyboardManagerConstantsInternal.swift */; };
		47241BDE1EE66D6400FBD711 /* IQKeyboardManager.swift in Sources */ = {isa = PBXBuildFile; fileRef = 47241BC91EE66D6300FBD711 /* IQKeyboardManager.swift */; };
		47241BDF1EE66D6400FBD711 /* IQKeyboardReturnKeyHandler.swift in Sources */ = {isa = PBXBuildFile; fileRef = 47241BCB1EE66D6300FBD711 /* IQKeyboardReturnKeyHandler.swift */; };
		47241BE01EE66D6400FBD711 /* IQTextView.swift in Sources */ = {isa = PBXBuildFile; fileRef = 47241BCD1EE66D6300FBD711 /* IQTextView.swift */; };
		47241BE11EE66D6400FBD711 /* IQBarButtonItem.swift in Sources */ = {isa = PBXBuildFile; fileRef = 47241BCF1EE66D6300FBD711 /* IQBarButtonItem.swift */; };
		47241BE21EE66D6400FBD711 /* IQPreviousNextView.swift in Sources */ = {isa = PBXBuildFile; fileRef = 47241BD01EE66D6300FBD711 /* IQPreviousNextView.swift */; };
		47241BE31EE66D6400FBD711 /* IQTitleBarButtonItem.swift in Sources */ = {isa = PBXBuildFile; fileRef = 47241BD11EE66D6300FBD711 /* IQTitleBarButtonItem.swift */; };
		47241BE41EE66D6400FBD711 /* IQToolbar.swift in Sources */ = {isa = PBXBuildFile; fileRef = 47241BD21EE66D6300FBD711 /* IQToolbar.swift */; };
		47241BE51EE66D6400FBD711 /* IQUIView+IQKeyboardToolbar.swift in Sources */ = {isa = PBXBuildFile; fileRef = 47241BD31EE66D6300FBD711 /* IQUIView+IQKeyboardToolbar.swift */; };
		47241BE61EE66D6400FBD711 /* IQKeyboardManager.bundle in Resources */ = {isa = PBXBuildFile; fileRef = 47241BD51EE66D6300FBD711 /* IQKeyboardManager.bundle */; };
/* End PBXBuildFile section */

/* Begin PBXContainerItemProxy section */
		472383C31EDA876800B38698 /* PBXContainerItemProxy */ = {
			isa = PBXContainerItemProxy;
			containerPortal = 472383A31EDA876700B38698 /* Project object */;
			proxyType = 1;
			remoteGlobalIDString = 472383AA1EDA876700B38698;
			remoteInfo = DreamLister;
		};
		472383CE1EDA876800B38698 /* PBXContainerItemProxy */ = {
			isa = PBXContainerItemProxy;
			containerPortal = 472383A31EDA876700B38698 /* Project object */;
			proxyType = 1;
			remoteGlobalIDString = 472383AA1EDA876700B38698;
			remoteInfo = DreamLister;
		};
/* End PBXContainerItemProxy section */

/* Begin PBXCopyFilesBuildPhase section */
		47A0988B1EF39343007699FE /* Embed Frameworks */ = {
			isa = PBXCopyFilesBuildPhase;
			buildActionMask = 2147483647;
			dstPath = "";
			dstSubfolderSpec = 10;
			files = (
			);
			name = "Embed Frameworks";
			runOnlyForDeploymentPostprocessing = 0;
		};
/* End PBXCopyFilesBuildPhase section */

/* Begin PBXFileReference section */
		472383AB1EDA876700B38698 /* DreamLister.app */ = {isa = PBXFileReference; explicitFileType = wrapper.application; includeInIndex = 0; path = DreamLister.app; sourceTree = BUILT_PRODUCTS_DIR; };
		472383AE1EDA876700B38698 /* AppDelegate.swift */ = {isa = PBXFileReference; lastKnownFileType = sourcecode.swift; path = AppDelegate.swift; sourceTree = "<group>"; };
		472383B01EDA876700B38698 /* MainVC.swift */ = {isa = PBXFileReference; lastKnownFileType = sourcecode.swift; path = MainVC.swift; sourceTree = "<group>"; };
		472383B31EDA876700B38698 /* Base */ = {isa = PBXFileReference; lastKnownFileType = file.storyboard; name = Base; path = Base.lproj/Main.storyboard; sourceTree = "<group>"; };
		472383B61EDA876700B38698 /* DreamLister.xcdatamodel */ = {isa = PBXFileReference; lastKnownFileType = wrapper.xcdatamodel; path = DreamLister.xcdatamodel; sourceTree = "<group>"; };
		472383B81EDA876700B38698 /* Assets.xcassets */ = {isa = PBXFileReference; lastKnownFileType = folder.assetcatalog; path = Assets.xcassets; sourceTree = "<group>"; };
		472383BB1EDA876700B38698 /* Base */ = {isa = PBXFileReference; lastKnownFileType = file.storyboard; name = Base; path = Base.lproj/LaunchScreen.storyboard; sourceTree = "<group>"; };
		472383BD1EDA876700B38698 /* Info.plist */ = {isa = PBXFileReference; lastKnownFileType = text.plist.xml; path = Info.plist; sourceTree = "<group>"; };
		472383C21EDA876800B38698 /* DreamListerTests.xctest */ = {isa = PBXFileReference; explicitFileType = wrapper.cfbundle; includeInIndex = 0; path = DreamListerTests.xctest; sourceTree = BUILT_PRODUCTS_DIR; };
		472383C61EDA876800B38698 /* DreamListerTests.swift */ = {isa = PBXFileReference; lastKnownFileType = sourcecode.swift; path = DreamListerTests.swift; sourceTree = "<group>"; };
		472383C81EDA876800B38698 /* Info.plist */ = {isa = PBXFileReference; lastKnownFileType = text.plist.xml; path = Info.plist; sourceTree = "<group>"; };
		472383CD1EDA876800B38698 /* DreamListerUITests.xctest */ = {isa = PBXFileReference; explicitFileType = wrapper.cfbundle; includeInIndex = 0; path = DreamListerUITests.xctest; sourceTree = BUILT_PRODUCTS_DIR; };
		472383D11EDA876800B38698 /* DreamListerUITests.swift */ = {isa = PBXFileReference; lastKnownFileType = sourcecode.swift; path = DreamListerUITests.swift; sourceTree = "<group>"; };
		472383D31EDA876800B38698 /* Info.plist */ = {isa = PBXFileReference; lastKnownFileType = text.plist.xml; path = Info.plist; sourceTree = "<group>"; };
		472383F11EDD09F300B38698 /* ItemType+CoreDataClass.swift */ = {isa = PBXFileReference; fileEncoding = 4; lastKnownFileType = sourcecode.swift; path = "ItemType+CoreDataClass.swift"; sourceTree = "<group>"; };
		472383F21EDD09F300B38698 /* ItemType+CoreDataProperties.swift */ = {isa = PBXFileReference; fileEncoding = 4; lastKnownFileType = sourcecode.swift; path = "ItemType+CoreDataProperties.swift"; sourceTree = "<group>"; };
		472383F31EDD09F300B38698 /* Image+CoreDataClass.swift */ = {isa = PBXFileReference; fileEncoding = 4; lastKnownFileType = sourcecode.swift; path = "Image+CoreDataClass.swift"; sourceTree = "<group>"; };
		472383F41EDD09F300B38698 /* Image+CoreDataProperties.swift */ = {isa = PBXFileReference; fileEncoding = 4; lastKnownFileType = sourcecode.swift; path = "Image+CoreDataProperties.swift"; sourceTree = "<group>"; };
		472383F51EDD09F300B38698 /* Item+CoreDataClass.swift */ = {isa = PBXFileReference; fileEncoding = 4; lastKnownFileType = sourcecode.swift; path = "Item+CoreDataClass.swift"; sourceTree = "<group>"; };
		472383F61EDD09F300B38698 /* Item+CoreDataProperties.swift */ = {isa = PBXFileReference; fileEncoding = 4; lastKnownFileType = sourcecode.swift; path = "Item+CoreDataProperties.swift"; sourceTree = "<group>"; };
		472383F71EDD09F300B38698 /* Store+CoreDataClass.swift */ = {isa = PBXFileReference; fileEncoding = 4; lastKnownFileType = sourcecode.swift; path = "Store+CoreDataClass.swift"; sourceTree = "<group>"; };
		472383F81EDD09F300B38698 /* Store+CoreDataProperties.swift */ = {isa = PBXFileReference; fileEncoding = 4; lastKnownFileType = sourcecode.swift; path = "Store+CoreDataProperties.swift"; sourceTree = "<group>"; };
		472384021EDDFC6800B38698 /* MaterialView.swift */ = {isa = PBXFileReference; fileEncoding = 4; lastKnownFileType = sourcecode.swift; path = MaterialView.swift; sourceTree = "<group>"; };
		472384041EDE038C00B38698 /* ItemCell.swift */ = {isa = PBXFileReference; fileEncoding = 4; lastKnownFileType = sourcecode.swift; path = ItemCell.swift; sourceTree = "<group>"; };
		4723840A1EDF950B00B38698 /* ItemDetailsVC.swift */ = {isa = PBXFileReference; fileEncoding = 4; lastKnownFileType = sourcecode.swift; path = ItemDetailsVC.swift; sourceTree = "<group>"; };
		47241BC01EE66D6300FBD711 /* IQNSArray+Sort.swift */ = {isa = PBXFileReference; fileEncoding = 4; lastKnownFileType = sourcecode.swift; path = "IQNSArray+Sort.swift"; sourceTree = "<group>"; };
		47241BC11EE66D6300FBD711 /* IQUIScrollView+Additions.swift */ = {isa = PBXFileReference; fileEncoding = 4; lastKnownFileType = sourcecode.swift; path = "IQUIScrollView+Additions.swift"; sourceTree = "<group>"; };
		47241BC21EE66D6300FBD711 /* IQUITextFieldView+Additions.swift */ = {isa = PBXFileReference; fileEncoding = 4; lastKnownFileType = sourcecode.swift; path = "IQUITextFieldView+Additions.swift"; sourceTree = "<group>"; };
		47241BC31EE66D6300FBD711 /* IQUIView+Hierarchy.swift */ = {isa = PBXFileReference; fileEncoding = 4; lastKnownFileType = sourcecode.swift; path = "IQUIView+Hierarchy.swift"; sourceTree = "<group>"; };
		47241BC41EE66D6300FBD711 /* IQUIViewController+Additions.swift */ = {isa = PBXFileReference; fileEncoding = 4; lastKnownFileType = sourcecode.swift; path = "IQUIViewController+Additions.swift"; sourceTree = "<group>"; };
		47241BC51EE66D6300FBD711 /* IQUIWindow+Hierarchy.swift */ = {isa = PBXFileReference; fileEncoding = 4; lastKnownFileType = sourcecode.swift; path = "IQUIWindow+Hierarchy.swift"; sourceTree = "<group>"; };
		47241BC71EE66D6300FBD711 /* IQKeyboardManagerConstants.swift */ = {isa = PBXFileReference; fileEncoding = 4; lastKnownFileType = sourcecode.swift; path = IQKeyboardManagerConstants.swift; sourceTree = "<group>"; };
		47241BC81EE66D6300FBD711 /* IQKeyboardManagerConstantsInternal.swift */ = {isa = PBXFileReference; fileEncoding = 4; lastKnownFileType = sourcecode.swift; path = IQKeyboardManagerConstantsInternal.swift; sourceTree = "<group>"; };
		47241BC91EE66D6300FBD711 /* IQKeyboardManager.swift */ = {isa = PBXFileReference; fileEncoding = 4; lastKnownFileType = sourcecode.swift; path = IQKeyboardManager.swift; sourceTree = "<group>"; };
		47241BCA1EE66D6300FBD711 /* IQKeyboardManagerSwift.h */ = {isa = PBXFileReference; fileEncoding = 4; lastKnownFileType = sourcecode.c.h; path = IQKeyboardManagerSwift.h; sourceTree = "<group>"; };
		47241BCB1EE66D6300FBD711 /* IQKeyboardReturnKeyHandler.swift */ = {isa = PBXFileReference; fileEncoding = 4; lastKnownFileType = sourcecode.swift; path = IQKeyboardReturnKeyHandler.swift; sourceTree = "<group>"; };
		47241BCD1EE66D6300FBD711 /* IQTextView.swift */ = {isa = PBXFileReference; fileEncoding = 4; lastKnownFileType = sourcecode.swift; path = IQTextView.swift; sourceTree = "<group>"; };
		47241BCF1EE66D6300FBD711 /* IQBarButtonItem.swift */ = {isa = PBXFileReference; fileEncoding = 4; lastKnownFileType = sourcecode.swift; path = IQBarButtonItem.swift; sourceTree = "<group>"; };
		47241BD01EE66D6300FBD711 /* IQPreviousNextView.swift */ = {isa = PBXFileReference; fileEncoding = 4; lastKnownFileType = sourcecode.swift; path = IQPreviousNextView.swift; sourceTree = "<group>"; };
		47241BD11EE66D6300FBD711 /* IQTitleBarButtonItem.swift */ = {isa = PBXFileReference; fileEncoding = 4; lastKnownFileType = sourcecode.swift; path = IQTitleBarButtonItem.swift; sourceTree = "<group>"; };
		47241BD21EE66D6300FBD711 /* IQToolbar.swift */ = {isa = PBXFileReference; fileEncoding = 4; lastKnownFileType = sourcecode.swift; path = IQToolbar.swift; sourceTree = "<group>"; };
		47241BD31EE66D6300FBD711 /* IQUIView+IQKeyboardToolbar.swift */ = {isa = PBXFileReference; fileEncoding = 4; lastKnownFileType = sourcecode.swift; path = "IQUIView+IQKeyboardToolbar.swift"; sourceTree = "<group>"; };
		47241BD51EE66D6300FBD711 /* IQKeyboardManager.bundle */ = {isa = PBXFileReference; lastKnownFileType = "wrapper.plug-in"; path = IQKeyboardManager.bundle; sourceTree = "<group>"; };
/* End PBXFileReference section */

/* Begin PBXFrameworksBuildPhase section */
		472383A81EDA876700B38698 /* Frameworks */ = {
			isa = PBXFrameworksBuildPhase;
			buildActionMask = 2147483647;
			files = (
			);
			runOnlyForDeploymentPostprocessing = 0;
		};
		472383BF1EDA876800B38698 /* Frameworks */ = {
			isa = PBXFrameworksBuildPhase;
			buildActionMask = 2147483647;
			files = (
			);
			runOnlyForDeploymentPostprocessing = 0;
		};
		472383CA1EDA876800B38698 /* Frameworks */ = {
			isa = PBXFrameworksBuildPhase;
			buildActionMask = 2147483647;
			files = (
			);
			runOnlyForDeploymentPostprocessing = 0;
		};
/* End PBXFrameworksBuildPhase section */

/* Begin PBXGroup section */
		472383A21EDA876700B38698 = {
			isa = PBXGroup;
			children = (
				472383AD1EDA876700B38698 /* DreamLister */,
				472383C51EDA876800B38698 /* DreamListerTests */,
				472383D01EDA876800B38698 /* DreamListerUITests */,
				472383AC1EDA876700B38698 /* Products */,
				478891611EF1E7F100AEB8B0 /* Frameworks */,
			);
			sourceTree = "<group>";
		};
		472383AC1EDA876700B38698 /* Products */ = {
			isa = PBXGroup;
			children = (
				472383AB1EDA876700B38698 /* DreamLister.app */,
				472383C21EDA876800B38698 /* DreamListerTests.xctest */,
				472383CD1EDA876800B38698 /* DreamListerUITests.xctest */,
			);
			name = Products;
			sourceTree = "<group>";
		};
		472383AD1EDA876700B38698 /* DreamLister */ = {
			isa = PBXGroup;
			children = (
				472384011EDDFC3E00B38698 /* View */,
				472383EF1EDD089C00B38698 /* Model */,
				472383AE1EDA876700B38698 /* AppDelegate.swift */,
				472383B01EDA876700B38698 /* MainVC.swift */,
				4723840A1EDF950B00B38698 /* ItemDetailsVC.swift */,
				472383B21EDA876700B38698 /* Main.storyboard */,
				472383B81EDA876700B38698 /* Assets.xcassets */,
				472383BA1EDA876700B38698 /* LaunchScreen.storyboard */,
				472383BD1EDA876700B38698 /* Info.plist */,
				472383B51EDA876700B38698 /* DreamLister.xcdatamodeld */,
				47241BBE1EE66D6300FBD711 /* IQKeyboardManagerSwift */,
			);
			path = DreamLister;
			sourceTree = "<group>";
		};
		472383C51EDA876800B38698 /* DreamListerTests */ = {
			isa = PBXGroup;
			children = (
				472383C61EDA876800B38698 /* DreamListerTests.swift */,
				472383C81EDA876800B38698 /* Info.plist */,
			);
			path = DreamListerTests;
			sourceTree = "<group>";
		};
		472383D01EDA876800B38698 /* DreamListerUITests */ = {
			isa = PBXGroup;
			children = (
				472383D11EDA876800B38698 /* DreamListerUITests.swift */,
				472383D31EDA876800B38698 /* Info.plist */,
			);
			path = DreamListerUITests;
			sourceTree = "<group>";
		};
		472383EF1EDD089C00B38698 /* Model */ = {
			isa = PBXGroup;
			children = (
				472383F11EDD09F300B38698 /* ItemType+CoreDataClass.swift */,
				472383F31EDD09F300B38698 /* Image+CoreDataClass.swift */,
				472383F51EDD09F300B38698 /* Item+CoreDataClass.swift */,
				472383F71EDD09F300B38698 /* Store+CoreDataClass.swift */,
				472383F01EDD08A300B38698 /* Generated */,
			);
			name = Model;
			sourceTree = "<group>";
		};
		472383F01EDD08A300B38698 /* Generated */ = {
			isa = PBXGroup;
			children = (
				472383F21EDD09F300B38698 /* ItemType+CoreDataProperties.swift */,
				472383F41EDD09F300B38698 /* Image+CoreDataProperties.swift */,
				472383F61EDD09F300B38698 /* Item+CoreDataProperties.swift */,
				472383F81EDD09F300B38698 /* Store+CoreDataProperties.swift */,
			);
			name = Generated;
			sourceTree = "<group>";
		};
		472384011EDDFC3E00B38698 /* View */ = {
			isa = PBXGroup;
			children = (
				472384021EDDFC6800B38698 /* MaterialView.swift */,
				472384041EDE038C00B38698 /* ItemCell.swift */,
			);
			name = View;
			sourceTree = "<group>";
		};
		47241BBE1EE66D6300FBD711 /* IQKeyboardManagerSwift */ = {
			isa = PBXGroup;
			children = (
				47241BBF1EE66D6300FBD711 /* Categories */,
				47241BC61EE66D6300FBD711 /* Constants */,
				47241BC91EE66D6300FBD711 /* IQKeyboardManager.swift */,
				47241BCA1EE66D6300FBD711 /* IQKeyboardManagerSwift.h */,
				47241BCB1EE66D6300FBD711 /* IQKeyboardReturnKeyHandler.swift */,
				47241BCC1EE66D6300FBD711 /* IQTextView */,
				47241BCE1EE66D6300FBD711 /* IQToolbar */,
				47241BD41EE66D6300FBD711 /* Resources */,
			);
			path = IQKeyboardManagerSwift;
			sourceTree = "<group>";
		};
		47241BBF1EE66D6300FBD711 /* Categories */ = {
			isa = PBXGroup;
			children = (
				47241BC01EE66D6300FBD711 /* IQNSArray+Sort.swift */,
				47241BC11EE66D6300FBD711 /* IQUIScrollView+Additions.swift */,
				47241BC21EE66D6300FBD711 /* IQUITextFieldView+Additions.swift */,
				47241BC31EE66D6300FBD711 /* IQUIView+Hierarchy.swift */,
				47241BC41EE66D6300FBD711 /* IQUIViewController+Additions.swift */,
				47241BC51EE66D6300FBD711 /* IQUIWindow+Hierarchy.swift */,
			);
			path = Categories;
			sourceTree = "<group>";
		};
		47241BC61EE66D6300FBD711 /* Constants */ = {
			isa = PBXGroup;
			children = (
				47241BC71EE66D6300FBD711 /* IQKeyboardManagerConstants.swift */,
				47241BC81EE66D6300FBD711 /* IQKeyboardManagerConstantsInternal.swift */,
			);
			path = Constants;
			sourceTree = "<group>";
		};
		47241BCC1EE66D6300FBD711 /* IQTextView */ = {
			isa = PBXGroup;
			children = (
				47241BCD1EE66D6300FBD711 /* IQTextView.swift */,
			);
			path = IQTextView;
			sourceTree = "<group>";
		};
		47241BCE1EE66D6300FBD711 /* IQToolbar */ = {
			isa = PBXGroup;
			children = (
				47241BCF1EE66D6300FBD711 /* IQBarButtonItem.swift */,
				47241BD01EE66D6300FBD711 /* IQPreviousNextView.swift */,
				47241BD11EE66D6300FBD711 /* IQTitleBarButtonItem.swift */,
				47241BD21EE66D6300FBD711 /* IQToolbar.swift */,
				47241BD31EE66D6300FBD711 /* IQUIView+IQKeyboardToolbar.swift */,
			);
			path = IQToolbar;
			sourceTree = "<group>";
		};
		47241BD41EE66D6300FBD711 /* Resources */ = {
			isa = PBXGroup;
			children = (
				47241BD51EE66D6300FBD711 /* IQKeyboardManager.bundle */,
			);
			path = Resources;
			sourceTree = "<group>";
		};
		478891611EF1E7F100AEB8B0 /* Frameworks */ = {
			isa = PBXGroup;
			children = (
			);
			name = Frameworks;
			sourceTree = "<group>";
		};
/* End PBXGroup section */

/* Begin PBXNativeTarget section */
		472383AA1EDA876700B38698 /* DreamLister */ = {
			isa = PBXNativeTarget;
			buildConfigurationList = 472383D61EDA876800B38698 /* Build configuration list for PBXNativeTarget "DreamLister" */;
			buildPhases = (
				472383A71EDA876700B38698 /* Sources */,
				472383A81EDA876700B38698 /* Frameworks */,
				472383A91EDA876700B38698 /* Resources */,
				47A0988B1EF39343007699FE /* Embed Frameworks */,
			);
			buildRules = (
			);
			dependencies = (
			);
			name = DreamLister;
			productName = DreamLister;
			productReference = 472383AB1EDA876700B38698 /* DreamLister.app */;
			productType = "com.apple.product-type.application";
		};
		472383C11EDA876800B38698 /* DreamListerTests */ = {
			isa = PBXNativeTarget;
			buildConfigurationList = 472383D91EDA876800B38698 /* Build configuration list for PBXNativeTarget "DreamListerTests" */;
			buildPhases = (
				472383BE1EDA876800B38698 /* Sources */,
				472383BF1EDA876800B38698 /* Frameworks */,
				472383C01EDA876800B38698 /* Resources */,
			);
			buildRules = (
			);
			dependencies = (
				472383C41EDA876800B38698 /* PBXTargetDependency */,
			);
			name = DreamListerTests;
			productName = DreamListerTests;
			productReference = 472383C21EDA876800B38698 /* DreamListerTests.xctest */;
			productType = "com.apple.product-type.bundle.unit-test";
		};
		472383CC1EDA876800B38698 /* DreamListerUITests */ = {
			isa = PBXNativeTarget;
			buildConfigurationList = 472383DC1EDA876800B38698 /* Build configuration list for PBXNativeTarget "DreamListerUITests" */;
			buildPhases = (
				472383C91EDA876800B38698 /* Sources */,
				472383CA1EDA876800B38698 /* Frameworks */,
				472383CB1EDA876800B38698 /* Resources */,
			);
			buildRules = (
			);
			dependencies = (
				472383CF1EDA876800B38698 /* PBXTargetDependency */,
			);
			name = DreamListerUITests;
			productName = DreamListerUITests;
			productReference = 472383CD1EDA876800B38698 /* DreamListerUITests.xctest */;
			productType = "com.apple.product-type.bundle.ui-testing";
		};
/* End PBXNativeTarget section */

/* Begin PBXProject section */
		472383A31EDA876700B38698 /* Project object */ = {
			isa = PBXProject;
			attributes = {
				LastSwiftUpdateCheck = 0830;
				LastUpgradeCheck = 0830;
				ORGANIZATIONNAME = "Diparth Patel";
				TargetAttributes = {
					472383AA1EDA876700B38698 = {
						CreatedOnToolsVersion = 8.3.2;
						DevelopmentTeam = 4V349GT37D;
						ProvisioningStyle = Automatic;
					};
					472383C11EDA876800B38698 = {
						CreatedOnToolsVersion = 8.3.2;
						DevelopmentTeam = 4V349GT37D;
						ProvisioningStyle = Automatic;
						TestTargetID = 472383AA1EDA876700B38698;
					};
					472383CC1EDA876800B38698 = {
						CreatedOnToolsVersion = 8.3.2;
						DevelopmentTeam = 4V349GT37D;
						ProvisioningStyle = Automatic;
						TestTargetID = 472383AA1EDA876700B38698;
					};
				};
			};
			buildConfigurationList = 472383A61EDA876700B38698 /* Build configuration list for PBXProject "DreamLister" */;
			compatibilityVersion = "Xcode 3.2";
			developmentRegion = English;
			hasScannedForEncodings = 0;
			knownRegions = (
				en,
				Base,
			);
			mainGroup = 472383A21EDA876700B38698;
			productRefGroup = 472383AC1EDA876700B38698 /* Products */;
			projectDirPath = "";
			projectRoot = "";
			targets = (
				472383AA1EDA876700B38698 /* DreamLister */,
				472383C11EDA876800B38698 /* DreamListerTests */,
				472383CC1EDA876800B38698 /* DreamListerUITests */,
			);
		};
/* End PBXProject section */

/* Begin PBXResourcesBuildPhase section */
		472383A91EDA876700B38698 /* Resources */ = {
			isa = PBXResourcesBuildPhase;
			buildActionMask = 2147483647;
			files = (
				472383BC1EDA876700B38698 /* LaunchScreen.storyboard in Resources */,
				472383B91EDA876700B38698 /* Assets.xcassets in Resources */,
				47241BE61EE66D6400FBD711 /* IQKeyboardManager.bundle in Resources */,
				472383B41EDA876700B38698 /* Main.storyboard in Resources */,
			);
			runOnlyForDeploymentPostprocessing = 0;
		};
		472383C01EDA876800B38698 /* Resources */ = {
			isa = PBXResourcesBuildPhase;
			buildActionMask = 2147483647;
			files = (
			);
			runOnlyForDeploymentPostprocessing = 0;
		};
		472383CB1EDA876800B38698 /* Resources */ = {
			isa = PBXResourcesBuildPhase;
			buildActionMask = 2147483647;
			files = (
			);
			runOnlyForDeploymentPostprocessing = 0;
		};
/* End PBXResourcesBuildPhase section */

/* Begin PBXSourcesBuildPhase section */
		472383A71EDA876700B38698 /* Sources */ = {
			isa = PBXSourcesBuildPhase;
			buildActionMask = 2147483647;
			files = (
				472384051EDE038C00B38698 /* ItemCell.swift in Sources */,
				47241BDC1EE66D6400FBD711 /* IQKeyboardManagerConstants.swift in Sources */,
				47241BDF1EE66D6400FBD711 /* IQKeyboardReturnKeyHandler.swift in Sources */,
				472383F91EDD09F300B38698 /* ItemType+CoreDataClass.swift in Sources */,
				47241BDD1EE66D6400FBD711 /* IQKeyboardManagerConstantsInternal.swift in Sources */,
				47241BE21EE66D6400FBD711 /* IQPreviousNextView.swift in Sources */,
				472383FA1EDD09F300B38698 /* ItemType+CoreDataProperties.swift in Sources */,
				472383B11EDA876700B38698 /* MainVC.swift in Sources */,
				47241BD91EE66D6400FBD711 /* IQUIView+Hierarchy.swift in Sources */,
				472384031EDDFC6800B38698 /* MaterialView.swift in Sources */,
				47241BD71EE66D6400FBD711 /* IQUIScrollView+Additions.swift in Sources */,
				47241BE01EE66D6400FBD711 /* IQTextView.swift in Sources */,
				47241BD81EE66D6400FBD711 /* IQUITextFieldView+Additions.swift in Sources */,
				47241BE31EE66D6400FBD711 /* IQTitleBarButtonItem.swift in Sources */,
				472383FB1EDD09F300B38698 /* Image+CoreDataClass.swift in Sources */,
				472384001EDD09F300B38698 /* Store+CoreDataProperties.swift in Sources */,
				472383AF1EDA876700B38698 /* AppDelegate.swift in Sources */,
				47241BE41EE66D6400FBD711 /* IQToolbar.swift in Sources */,
				47241BE51EE66D6400FBD711 /* IQUIView+IQKeyboardToolbar.swift in Sources */,
				4723840B1EDF950B00B38698 /* ItemDetailsVC.swift in Sources */,
				47241BDA1EE66D6400FBD711 /* IQUIViewController+Additions.swift in Sources */,
				472383B71EDA876700B38698 /* DreamLister.xcdatamodeld in Sources */,
				472383FE1EDD09F300B38698 /* Item+CoreDataProperties.swift in Sources */,
				47241BDE1EE66D6400FBD711 /* IQKeyboardManager.swift in Sources */,
				47241BDB1EE66D6400FBD711 /* IQUIWindow+Hierarchy.swift in Sources */,
				47241BD61EE66D6400FBD711 /* IQNSArray+Sort.swift in Sources */,
				47241BE11EE66D6400FBD711 /* IQBarButtonItem.swift in Sources */,
				472383FF1EDD09F300B38698 /* Store+CoreDataClass.swift in Sources */,
				472383FD1EDD09F300B38698 /* Item+CoreDataClass.swift in Sources */,
				472383FC1EDD09F300B38698 /* Image+CoreDataProperties.swift in Sources */,
			);
			runOnlyForDeploymentPostprocessing = 0;
		};
		472383BE1EDA876800B38698 /* Sources */ = {
			isa = PBXSourcesBuildPhase;
			buildActionMask = 2147483647;
			files = (
				472383C71EDA876800B38698 /* DreamListerTests.swift in Sources */,
			);
			runOnlyForDeploymentPostprocessing = 0;
		};
		472383C91EDA876800B38698 /* Sources */ = {
			isa = PBXSourcesBuildPhase;
			buildActionMask = 2147483647;
			files = (
				472383D21EDA876800B38698 /* DreamListerUITests.swift in Sources */,
			);
			runOnlyForDeploymentPostprocessing = 0;
		};
/* End PBXSourcesBuildPhase section */

/* Begin PBXTargetDependency section */
		472383C41EDA876800B38698 /* PBXTargetDependency */ = {
			isa = PBXTargetDependency;
			target = 472383AA1EDA876700B38698 /* DreamLister */;
			targetProxy = 472383C31EDA876800B38698 /* PBXContainerItemProxy */;
		};
		472383CF1EDA876800B38698 /* PBXTargetDependency */ = {
			isa = PBXTargetDependency;
			target = 472383AA1EDA876700B38698 /* DreamLister */;
			targetProxy = 472383CE1EDA876800B38698 /* PBXContainerItemProxy */;
		};
/* End PBXTargetDependency section */

/* Begin PBXVariantGroup section */
		472383B21EDA876700B38698 /* Main.storyboard */ = {
			isa = PBXVariantGroup;
			children = (
				472383B31EDA876700B38698 /* Base */,
			);
			name = Main.storyboard;
			sourceTree = "<group>";
		};
		472383BA1EDA876700B38698 /* LaunchScreen.storyboard */ = {
			isa = PBXVariantGroup;
			children = (
				472383BB1EDA876700B38698 /* Base */,
			);
			name = LaunchScreen.storyboard;
			sourceTree = "<group>";
		};
/* End PBXVariantGroup section */

/* Begin XCBuildConfiguration section */
		472383D41EDA876800B38698 /* Debug */ = {
			isa = XCBuildConfiguration;
			buildSettings = {
				ALWAYS_SEARCH_USER_PATHS = NO;
				CLANG_ANALYZER_NONNULL = YES;
				CLANG_ANALYZER_NUMBER_OBJECT_CONVERSION = YES_AGGRESSIVE;
				CLANG_CXX_LANGUAGE_STANDARD = "gnu++0x";
				CLANG_CXX_LIBRARY = "libc++";
				CLANG_ENABLE_MODULES = YES;
				CLANG_ENABLE_OBJC_ARC = YES;
				CLANG_WARN_BOOL_CONVERSION = YES;
				CLANG_WARN_CONSTANT_CONVERSION = YES;
				CLANG_WARN_DIRECT_OBJC_ISA_USAGE = YES_ERROR;
				CLANG_WARN_DOCUMENTATION_COMMENTS = YES;
				CLANG_WARN_EMPTY_BODY = YES;
				CLANG_WARN_ENUM_CONVERSION = YES;
				CLANG_WARN_INFINITE_RECURSION = YES;
				CLANG_WARN_INT_CONVERSION = YES;
				CLANG_WARN_OBJC_ROOT_CLASS = YES_ERROR;
				CLANG_WARN_SUSPICIOUS_MOVE = YES;
				CLANG_WARN_UNREACHABLE_CODE = YES;
				CLANG_WARN__DUPLICATE_METHOD_MATCH = YES;
				"CODE_SIGN_IDENTITY[sdk=iphoneos*]" = "iPhone Developer";
				COPY_PHASE_STRIP = NO;
				DEBUG_INFORMATION_FORMAT = dwarf;
				ENABLE_STRICT_OBJC_MSGSEND = YES;
				ENABLE_TESTABILITY = YES;
				GCC_C_LANGUAGE_STANDARD = gnu99;
				GCC_DYNAMIC_NO_PIC = NO;
				GCC_NO_COMMON_BLOCKS = YES;
				GCC_OPTIMIZATION_LEVEL = 0;
				GCC_PREPROCESSOR_DEFINITIONS = (
					"DEBUG=1",
					"$(inherited)",
				);
				GCC_WARN_64_TO_32_BIT_CONVERSION = YES;
				GCC_WARN_ABOUT_RETURN_TYPE = YES_ERROR;
				GCC_WARN_UNDECLARED_SELECTOR = YES;
				GCC_WARN_UNINITIALIZED_AUTOS = YES_AGGRESSIVE;
				GCC_WARN_UNUSED_FUNCTION = YES;
				GCC_WARN_UNUSED_VARIABLE = YES;
				IPHONEOS_DEPLOYMENT_TARGET = 10.3;
				MTL_ENABLE_DEBUG_INFO = YES;
				ONLY_ACTIVE_ARCH = YES;
				SDKROOT = iphoneos;
				SWIFT_ACTIVE_COMPILATION_CONDITIONS = DEBUG;
				SWIFT_OPTIMIZATION_LEVEL = "-Onone";
			};
			name = Debug;
		};
		472383D51EDA876800B38698 /* Release */ = {
			isa = XCBuildConfiguration;
			buildSettings = {
				ALWAYS_SEARCH_USER_PATHS = NO;
				CLANG_ANALYZER_NONNULL = YES;
				CLANG_ANALYZER_NUMBER_OBJECT_CONVERSION = YES_AGGRESSIVE;
				CLANG_CXX_LANGUAGE_STANDARD = "gnu++0x";
				CLANG_CXX_LIBRARY = "libc++";
				CLANG_ENABLE_MODULES = YES;
				CLANG_ENABLE_OBJC_ARC = YES;
				CLANG_WARN_BOOL_CONVERSION = YES;
				CLANG_WARN_CONSTANT_CONVERSION = YES;
				CLANG_WARN_DIRECT_OBJC_ISA_USAGE = YES_ERROR;
				CLANG_WARN_DOCUMENTATION_COMMENTS = YES;
				CLANG_WARN_EMPTY_BODY = YES;
				CLANG_WARN_ENUM_CONVERSION = YES;
				CLANG_WARN_INFINITE_RECURSION = YES;
				CLANG_WARN_INT_CONVERSION = YES;
				CLANG_WARN_OBJC_ROOT_CLASS = YES_ERROR;
				CLANG_WARN_SUSPICIOUS_MOVE = YES;
				CLANG_WARN_UNREACHABLE_CODE = YES;
				CLANG_WARN__DUPLICATE_METHOD_MATCH = YES;
				"CODE_SIGN_IDENTITY[sdk=iphoneos*]" = "iPhone Developer";
				COPY_PHASE_STRIP = NO;
				DEBUG_INFORMATION_FORMAT = "dwarf-with-dsym";
				ENABLE_NS_ASSERTIONS = NO;
				ENABLE_STRICT_OBJC_MSGSEND = YES;
				GCC_C_LANGUAGE_STANDARD = gnu99;
				GCC_NO_COMMON_BLOCKS = YES;
				GCC_WARN_64_TO_32_BIT_CONVERSION = YES;
				GCC_WARN_ABOUT_RETURN_TYPE = YES_ERROR;
				GCC_WARN_UNDECLARED_SELECTOR = YES;
				GCC_WARN_UNINITIALIZED_AUTOS = YES_AGGRESSIVE;
				GCC_WARN_UNUSED_FUNCTION = YES;
				GCC_WARN_UNUSED_VARIABLE = YES;
				IPHONEOS_DEPLOYMENT_TARGET = 10.3;
				MTL_ENABLE_DEBUG_INFO = NO;
				SDKROOT = iphoneos;
				SWIFT_OPTIMIZATION_LEVEL = "-Owholemodule";
				VALIDATE_PRODUCT = YES;
			};
			name = Release;
		};
		472383D71EDA876800B38698 /* Debug */ = {
			isa = XCBuildConfiguration;
			buildSettings = {
				ASSETCATALOG_COMPILER_APPICON_NAME = AppIcon;
				DEVELOPMENT_TEAM = 4V349GT37D;
				FRAMEWORK_SEARCH_PATHS = (
					"$(inherited)",
					"$(PROJECT_DIR)",
				);
				INFOPLIST_FILE = DreamLister/Info.plist;
				IPHONEOS_DEPLOYMENT_TARGET = 10.3;
				LD_RUNPATH_SEARCH_PATHS = "$(inherited) @executable_path/Frameworks";
				PRODUCT_BUNDLE_IDENTIFIER = com.dpate168.DreamLister;
				PRODUCT_NAME = "$(TARGET_NAME)";
				SWIFT_VERSION = 3.0;
			};
			name = Debug;
		};
		472383D81EDA876800B38698 /* Release */ = {
			isa = XCBuildConfiguration;
			buildSettings = {
				ASSETCATALOG_COMPILER_APPICON_NAME = AppIcon;
				DEVELOPMENT_TEAM = 4V349GT37D;
				FRAMEWORK_SEARCH_PATHS = (
					"$(inherited)",
					"$(PROJECT_DIR)",
				);
				INFOPLIST_FILE = DreamLister/Info.plist;
				IPHONEOS_DEPLOYMENT_TARGET = 10.3;
				LD_RUNPATH_SEARCH_PATHS = "$(inherited) @executable_path/Frameworks";
				PRODUCT_BUNDLE_IDENTIFIER = com.dpate168.DreamLister;
				PRODUCT_NAME = "$(TARGET_NAME)";
				SWIFT_VERSION = 3.0;
			};
			name = Release;
		};
		472383DA1EDA876800B38698 /* Debug */ = {
			isa = XCBuildConfiguration;
			buildSettings = {
				ALWAYS_EMBED_SWIFT_STANDARD_LIBRARIES = YES;
				BUNDLE_LOADER = "$(TEST_HOST)";
				DEVELOPMENT_TEAM = 4V349GT37D;
				INFOPLIST_FILE = DreamListerTests/Info.plist;
				LD_RUNPATH_SEARCH_PATHS = "$(inherited) @executable_path/Frameworks @loader_path/Frameworks";
				PRODUCT_BUNDLE_IDENTIFIER = com.dpate168.DreamListerTests;
				PRODUCT_NAME = "$(TARGET_NAME)";
				SWIFT_VERSION = 3.0;
				TEST_HOST = "$(BUILT_PRODUCTS_DIR)/DreamLister.app/DreamLister";
			};
			name = Debug;
		};
		472383DB1EDA876800B38698 /* Release */ = {
			isa = XCBuildConfiguration;
			buildSettings = {
				ALWAYS_EMBED_SWIFT_STANDARD_LIBRARIES = YES;
				BUNDLE_LOADER = "$(TEST_HOST)";
				DEVELOPMENT_TEAM = 4V349GT37D;
				INFOPLIST_FILE = DreamListerTests/Info.plist;
				LD_RUNPATH_SEARCH_PATHS = "$(inherited) @executable_path/Frameworks @loader_path/Frameworks";
				PRODUCT_BUNDLE_IDENTIFIER = com.dpate168.DreamListerTests;
				PRODUCT_NAME = "$(TARGET_NAME)";
				SWIFT_VERSION = 3.0;
				TEST_HOST = "$(BUILT_PRODUCTS_DIR)/DreamLister.app/DreamLister";
			};
			name = Release;
		};
		472383DD1EDA876800B38698 /* Debug */ = {
			isa = XCBuildConfiguration;
			buildSettings = {
				ALWAYS_EMBED_SWIFT_STANDARD_LIBRARIES = YES;
				DEVELOPMENT_TEAM = 4V349GT37D;
				INFOPLIST_FILE = DreamListerUITests/Info.plist;
				LD_RUNPATH_SEARCH_PATHS = "$(inherited) @executable_path/Frameworks @loader_path/Frameworks";
				PRODUCT_BUNDLE_IDENTIFIER = com.dpate168.DreamListerUITests;
				PRODUCT_NAME = "$(TARGET_NAME)";
				SWIFT_VERSION = 3.0;
				TEST_TARGET_NAME = DreamLister;
			};
			name = Debug;
		};
		472383DE1EDA876800B38698 /* Release */ = {
			isa = XCBuildConfiguration;
			buildSettings = {
				ALWAYS_EMBED_SWIFT_STANDARD_LIBRARIES = YES;
				DEVELOPMENT_TEAM = 4V349GT37D;
				INFOPLIST_FILE = DreamListerUITests/Info.plist;
				LD_RUNPATH_SEARCH_PATHS = "$(inherited) @executable_path/Frameworks @loader_path/Frameworks";
				PRODUCT_BUNDLE_IDENTIFIER = com.dpate168.DreamListerUITests;
				PRODUCT_NAME = "$(TARGET_NAME)";
				SWIFT_VERSION = 3.0;
				TEST_TARGET_NAME = DreamLister;
			};
			name = Release;
		};
/* End XCBuildConfiguration section */

/* Begin XCConfigurationList section */
		472383A61EDA876700B38698 /* Build configuration list for PBXProject "DreamLister" */ = {
			isa = XCConfigurationList;
			buildConfigurations = (
				472383D41EDA876800B38698 /* Debug */,
				472383D51EDA876800B38698 /* Release */,
			);
			defaultConfigurationIsVisible = 0;
			defaultConfigurationName = Release;
		};
		472383D61EDA876800B38698 /* Build configuration list for PBXNativeTarget "DreamLister" */ = {
			isa = XCConfigurationList;
			buildConfigurations = (
				472383D71EDA876800B38698 /* Debug */,
				472383D81EDA876800B38698 /* Release */,
			);
			defaultConfigurationIsVisible = 0;
			defaultConfigurationName = Release;
		};
		472383D91EDA876800B38698 /* Build configuration list for PBXNativeTarget "DreamListerTests" */ = {
			isa = XCConfigurationList;
			buildConfigurations = (
				472383DA1EDA876800B38698 /* Debug */,
				472383DB1EDA876800B38698 /* Release */,
			);
			defaultConfigurationIsVisible = 0;
			defaultConfigurationName = Release;
		};
		472383DC1EDA876800B38698 /* Build configuration list for PBXNativeTarget "DreamListerUITests" */ = {
			isa = XCConfigurationList;
			buildConfigurations = (
				472383DD1EDA876800B38698 /* Debug */,
				472383DE1EDA876800B38698 /* Release */,
			);
			defaultConfigurationIsVisible = 0;
			defaultConfigurationName = Release;
		};
/* End XCConfigurationList section */

/* Begin XCVersionGroup section */
		472383B51EDA876700B38698 /* DreamLister.xcdatamodeld */ = {
			isa = XCVersionGroup;
			children = (
				472383B61EDA876700B38698 /* DreamLister.xcdatamodel */,
			);
			currentVersion = 472383B61EDA876700B38698 /* DreamLister.xcdatamodel */;
			path = DreamLister.xcdatamodeld;
			sourceTree = "<group>";
			versionGroupType = wrapper.xcdatamodel;
		};
/* End XCVersionGroup section */
	};
	rootObject = 472383A31EDA876700B38698 /* Project object */;
}
